// !$*UTF8*$!
{
	archiveVersion = 1;
	classes = {
	};
	objectVersion = 50;
	objects = {

/* Begin PBXBuildFile section */
		6573DC262223F256002C93D6 /* AppDelegate.swift in Sources */ = {isa = PBXBuildFile; fileRef = 6573DC252223F256002C93D6 /* AppDelegate.swift */; };
		6573DC282223F256002C93D6 /* WelcomeVC.swift in Sources */ = {isa = PBXBuildFile; fileRef = 6573DC272223F256002C93D6 /* WelcomeVC.swift */; };
		6573DC2B2223F256002C93D6 /* Main.storyboard in Resources */ = {isa = PBXBuildFile; fileRef = 6573DC292223F256002C93D6 /* Main.storyboard */; };
		6573DC2D2223F257002C93D6 /* Assets.xcassets in Resources */ = {isa = PBXBuildFile; fileRef = 6573DC2C2223F257002C93D6 /* Assets.xcassets */; };
		6573DC302223F257002C93D6 /* LaunchScreen.storyboard in Resources */ = {isa = PBXBuildFile; fileRef = 6573DC2E2223F257002C93D6 /* LaunchScreen.storyboard */; };
		6573DC3B222434DC002C93D6 /* LeagueVC.swift in Sources */ = {isa = PBXBuildFile; fileRef = 6573DC3A222434DC002C93D6 /* LeagueVC.swift */; };
		6573DC3D2224352B002C93D6 /* SkillVC.swift in Sources */ = {isa = PBXBuildFile; fileRef = 6573DC3C2224352B002C93D6 /* SkillVC.swift */; };
		6573DC3F2224367F002C93D6 /* Default-568h@2x.png in Resources */ = {isa = PBXBuildFile; fileRef = 6573DC3E2224367F002C93D6 /* Default-568h@2x.png */; };
		6573DC4122258080002C93D6 /* player.swift in Sources */ = {isa = PBXBuildFile; fileRef = 6573DC4022258080002C93D6 /* player.swift */; };
/* End PBXBuildFile section */

/* Begin PBXFileReference section */
		6573DC222223F256002C93D6 /* swoosh_app2.app */ = {isa = PBXFileReference; explicitFileType = wrapper.application; includeInIndex = 0; path = swoosh_app2.app; sourceTree = BUILT_PRODUCTS_DIR; };
		6573DC252223F256002C93D6 /* AppDelegate.swift */ = {isa = PBXFileReference; lastKnownFileType = sourcecode.swift; path = AppDelegate.swift; sourceTree = "<group>"; };
		6573DC272223F256002C93D6 /* WelcomeVC.swift */ = {isa = PBXFileReference; lastKnownFileType = sourcecode.swift; path = WelcomeVC.swift; sourceTree = "<group>"; };
		6573DC2A2223F256002C93D6 /* Base */ = {isa = PBXFileReference; lastKnownFileType = file.storyboard; name = Base; path = Base.lproj/Main.storyboard; sourceTree = "<group>"; };
		6573DC2C2223F257002C93D6 /* Assets.xcassets */ = {isa = PBXFileReference; lastKnownFileType = folder.assetcatalog; path = Assets.xcassets; sourceTree = "<group>"; };
		6573DC2F2223F257002C93D6 /* Base */ = {isa = PBXFileReference; lastKnownFileType = file.storyboard; name = Base; path = Base.lproj/LaunchScreen.storyboard; sourceTree = "<group>"; };
		6573DC312223F257002C93D6 /* Info.plist */ = {isa = PBXFileReference; lastKnownFileType = text.plist.xml; path = Info.plist; sourceTree = "<group>"; };
		6573DC3A222434DC002C93D6 /* LeagueVC.swift */ = {isa = PBXFileReference; lastKnownFileType = sourcecode.swift; path = LeagueVC.swift; sourceTree = "<group>"; };
		6573DC3C2224352B002C93D6 /* SkillVC.swift */ = {isa = PBXFileReference; lastKnownFileType = sourcecode.swift; path = SkillVC.swift; sourceTree = "<group>"; };
		6573DC3E2224367F002C93D6 /* Default-568h@2x.png */ = {isa = PBXFileReference; lastKnownFileType = image.png; path = "Default-568h@2x.png"; sourceTree = "<group>"; };
		6573DC4022258080002C93D6 /* player.swift */ = {isa = PBXFileReference; lastKnownFileType = sourcecode.swift; path = player.swift; sourceTree = "<group>"; };
/* End PBXFileReference section */

/* Begin PBXFrameworksBuildPhase section */
		6573DC1F2223F256002C93D6 /* Frameworks */ = {
			isa = PBXFrameworksBuildPhase;
			buildActionMask = 2147483647;
			files = (
			);
			runOnlyForDeploymentPostprocessing = 0;
		};
/* End PBXFrameworksBuildPhase section */

/* Begin PBXGroup section */
		6573DC192223F256002C93D6 = {
			isa = PBXGroup;
			children = (
				6573DC3E2224367F002C93D6 /* Default-568h@2x.png */,
				6573DC242223F256002C93D6 /* swoosh_app2 */,
				6573DC232223F256002C93D6 /* Products */,
			);
			sourceTree = "<group>";
		};
		6573DC232223F256002C93D6 /* Products */ = {
			isa = PBXGroup;
			children = (
				6573DC222223F256002C93D6 /* swoosh_app2.app */,
			);
			name = Products;
			sourceTree = "<group>";
		};
		6573DC242223F256002C93D6 /* swoosh_app2 */ = {
			isa = PBXGroup;
			children = (
				6573DC312223F257002C93D6 /* Info.plist */,
				6573DC392224342E002C93D6 /* Model */,
				6573DC382224341A002C93D6 /* Controller */,
				6573DC37222433D2002C93D6 /* view */,
			);
			path = swoosh_app2;
			sourceTree = "<group>";
		};
		6573DC37222433D2002C93D6 /* view */ = {
			isa = PBXGroup;
			children = (
				6573DC2E2223F257002C93D6 /* LaunchScreen.storyboard */,
				6573DC2C2223F257002C93D6 /* Assets.xcassets */,
				6573DC292223F256002C93D6 /* Main.storyboard */,
				6573DC252223F256002C93D6 /* AppDelegate.swift */,
			);
			path = view;
			sourceTree = "<group>";
		};
		6573DC382224341A002C93D6 /* Controller */ = {
			isa = PBXGroup;
			children = (
				6573DC272223F256002C93D6 /* WelcomeVC.swift */,
				6573DC3A222434DC002C93D6 /* LeagueVC.swift */,
				6573DC3C2224352B002C93D6 /* SkillVC.swift */,
			);
			path = Controller;
			sourceTree = "<group>";
		};
		6573DC392224342E002C93D6 /* Model */ = {
			isa = PBXGroup;
			children = (
				6573DC4022258080002C93D6 /* player.swift */,
			);
			path = Model;
			sourceTree = "<group>";
		};
/* End PBXGroup section */

/* Begin PBXNativeTarget section */
		6573DC212223F256002C93D6 /* swoosh_app2 */ = {
			isa = PBXNativeTarget;
			buildConfigurationList = 6573DC342223F257002C93D6 /* Build configuration list for PBXNativeTarget "swoosh_app2" */;
			buildPhases = (
				6573DC1E2223F256002C93D6 /* Sources */,
				6573DC1F2223F256002C93D6 /* Frameworks */,
				6573DC202223F256002C93D6 /* Resources */,
			);
			buildRules = (
			);
			dependencies = (
			);
			name = swoosh_app2;
			productName = swoosh_app2;
			productReference = 6573DC222223F256002C93D6 /* swoosh_app2.app */;
			productType = "com.apple.product-type.application";
		};
/* End PBXNativeTarget section */

/* Begin PBXProject section */
		6573DC1A2223F256002C93D6 /* Project object */ = {
			isa = PBXProject;
			attributes = {
				LastSwiftUpdateCheck = 1010;
				LastUpgradeCheck = 1010;
				ORGANIZATIONNAME = "Emilda pvt. ltd.";
				TargetAttributes = {
					6573DC212223F256002C93D6 = {
						CreatedOnToolsVersion = 10.1;
					};
				};
			};
			buildConfigurationList = 6573DC1D2223F256002C93D6 /* Build configuration list for PBXProject "swoosh_app2" */;
			compatibilityVersion = "Xcode 9.3";
			developmentRegion = en;
			hasScannedForEncodings = 0;
			knownRegions = (
				en,
				Base,
			);
			mainGroup = 6573DC192223F256002C93D6;
			productRefGroup = 6573DC232223F256002C93D6 /* Products */;
			projectDirPath = "";
			projectRoot = "";
			targets = (
				6573DC212223F256002C93D6 /* swoosh_app2 */,
			);
		};
/* End PBXProject section */

/* Begin PBXResourcesBuildPhase section */
		6573DC202223F256002C93D6 /* Resources */ = {
			isa = PBXResourcesBuildPhase;
			buildActionMask = 2147483647;
			files = (
				6573DC302223F257002C93D6 /* LaunchScreen.storyboard in Resources */,
				6573DC3F2224367F002C93D6 /* Default-568h@2x.png in Resources */,
				6573DC2D2223F257002C93D6 /* Assets.xcassets in Resources */,
				6573DC2B2223F256002C93D6 /* Main.storyboard in Resources */,
			);
			runOnlyForDeploymentPostprocessing = 0;
		};
/* End PBXResourcesBuildPhase section */

/* Begin PBXSourcesBuildPhase section */
		6573DC1E2223F256002C93D6 /* Sources */ = {
			isa = PBXSourcesBuildPhase;
			buildActionMask = 2147483647;
			files = (
				6573DC3D2224352B002C93D6 /* SkillVC.swift in Sources */,
				6573DC282223F256002C93D6 /* WelcomeVC.swift in Sources */,
				6573DC3B222434DC002C93D6 /* LeagueVC.swift in Sources */,
				6573DC4122258080002C93D6 /* player.swift in Sources */,
				6573DC262223F256002C93D6 /* AppDelegate.swift in Sources */,
			);
			runOnlyForDeploymentPostprocessing = 0;
		};
/* End PBXSourcesBuildPhase section */

/* Begin PBXVariantGroup section */
		6573DC292223F256002C93D6 /* Main.storyboard */ = {
			isa = PBXVariantGroup;
			children = (
				6573DC2A2223F256002C93D6 /* Base */,
			);
			name = Main.storyboard;
			sourceTree = "<group>";
		};
		6573DC2E2223F257002C93D6 /* LaunchScreen.storyboard */ = {
			isa = PBXVariantGroup;
			children = (
				6573DC2F2223F257002C93D6 /* Base */,
			);
			name = LaunchScreen.storyboard;
			sourceTree = "<group>";
		};
/* End PBXVariantGroup section */

/* Begin XCBuildConfiguration section */
		6573DC322223F257002C93D6 /* Debug */ = {
			isa = XCBuildConfiguration;
			buildSettings = {
				ALWAYS_SEARCH_USER_PATHS = NO;
				CLANG_ANALYZER_NONNULL = YES;
				CLANG_ANALYZER_NUMBER_OBJECT_CONVERSION = YES_AGGRESSIVE;
				CLANG_CXX_LANGUAGE_STANDARD = "gnu++14";
				CLANG_CXX_LIBRARY = "libc++";
				CLANG_ENABLE_MODULES = YES;
				CLANG_ENABLE_OBJC_ARC = YES;
				CLANG_ENABLE_OBJC_WEAK = YES;
				CLANG_WARN_BLOCK_CAPTURE_AUTORELEASING = YES;
				CLANG_WARN_BOOL_CONVERSION = YES;
				CLANG_WARN_COMMA = YES;
				CLANG_WARN_CONSTANT_CONVERSION = YES;
				CLANG_WARN_DEPRECATED_OBJC_IMPLEMENTATIONS = YES;
				CLANG_WARN_DIRECT_OBJC_ISA_USAGE = YES_ERROR;
				CLANG_WARN_DOCUMENTATION_COMMENTS = YES;
				CLANG_WARN_EMPTY_BODY = YES;
				CLANG_WARN_ENUM_CONVERSION = YES;
				CLANG_WARN_INFINITE_RECURSION = YES;
				CLANG_WARN_INT_CONVERSION = YES;
				CLANG_WARN_NON_LITERAL_NULL_CONVERSION = YES;
				CLANG_WARN_OBJC_IMPLICIT_RETAIN_SELF = YES;
				CLANG_WARN_OBJC_LITERAL_CONVERSION = YES;
				CLANG_WARN_OBJC_ROOT_CLASS = YES_ERROR;
				CLANG_WARN_RANGE_LOOP_ANALYSIS = YES;
				CLANG_WARN_STRICT_PROTOTYPES = YES;
				CLANG_WARN_SUSPICIOUS_MOVE = YES;
				CLANG_WARN_UNGUARDED_AVAILABILITY = YES_AGGRESSIVE;
				CLANG_WARN_UNREACHABLE_CODE = YES;
				CLANG_WARN__DUPLICATE_METHOD_MATCH = YES;
				CODE_SIGN_IDENTITY = "iPhone Developer";
				COPY_PHASE_STRIP = NO;
				DEBUG_INFORMATION_FORMAT = dwarf;
				ENABLE_STRICT_OBJC_MSGSEND = YES;
				ENABLE_TESTABILITY = YES;
				GCC_C_LANGUAGE_STANDARD = gnu11;
				GCC_DYNAMIC_NO_PIC = NO;
				GCC_NO_COMMON_BLOCKS = YES;
				GCC_OPTIMIZATION_LEVEL = 0;
				GCC_PREPROCESSOR_DEFINITIONS = (
					"DEBUG=1",
					"$(inherited)",
				);
				GCC_WARN_64_TO_32_BIT_CONVERSION = YES;
				GCC_WARN_ABOUT_RETURN_TYPE = YES_ERROR;
				GCC_WARN_UNDECLARED_SELECTOR = YES;
				GCC_WARN_UNINITIALIZED_AUTOS = YES_AGGRESSIVE;
				GCC_WARN_UNUSED_FUNCTION = YES;
				GCC_WARN_UNUSED_VARIABLE = YES;
				IPHONEOS_DEPLOYMENT_TARGET = 12.1;
				MTL_ENABLE_DEBUG_INFO = INCLUDE_SOURCE;
				MTL_FAST_MATH = YES;
				ONLY_ACTIVE_ARCH = YES;
				SDKROOT = iphoneos;
				SWIFT_ACTIVE_COMPILATION_CONDITIONS = DEBUG;
				SWIFT_OPTIMIZATION_LEVEL = "-Onone";
			};
			name = Debug;
		};
		6573DC332223F257002C93D6 /* Release */ = {
			isa = XCBuildConfiguration;
			buildSettings = {
				ALWAYS_SEARCH_USER_PATHS = NO;
				CLANG_ANALYZER_NONNULL = YES;
				CLANG_ANALYZER_NUMBER_OBJECT_CONVERSION = YES_AGGRESSIVE;
				CLANG_CXX_LANGUAGE_STANDARD = "gnu++14";
				CLANG_CXX_LIBRARY = "libc++";
				CLANG_ENABLE_MODULES = YES;
				CLANG_ENABLE_OBJC_ARC = YES;
				CLANG_ENABLE_OBJC_WEAK = YES;
				CLANG_WARN_BLOCK_CAPTURE_AUTORELEASING = YES;
				CLANG_WARN_BOOL_CONVERSION = YES;
				CLANG_WARN_COMMA = YES;
				CLANG_WARN_CONSTANT_CONVERSION = YES;
				CLANG_WARN_DEPRECATED_OBJC_IMPLEMENTATIONS = YES;
				CLANG_WARN_DIRECT_OBJC_ISA_USAGE = YES_ERROR;
				CLANG_WARN_DOCUMENTATION_COMMENTS = YES;
				CLANG_WARN_EMPTY_BODY = YES;
				CLANG_WARN_ENUM_CONVERSION = YES;
				CLANG_WARN_INFINITE_RECURSION = YES;
				CLANG_WARN_INT_CONVERSION = YES;
				CLANG_WARN_NON_LITERAL_NULL_CONVERSION = YES;
				CLANG_WARN_OBJC_IMPLICIT_RETAIN_SELF = YES;
				CLANG_WARN_OBJC_LITERAL_CONVERSION = YES;
				CLANG_WARN_OBJC_ROOT_CLASS = YES_ERROR;
				CLANG_WARN_RANGE_LOOP_ANALYSIS = YES;
				CLANG_WARN_STRICT_PROTOTYPES = YES;
				CLANG_WARN_SUSPICIOUS_MOVE = YES;
				CLANG_WARN_UNGUARDED_AVAILABILITY = YES_AGGRESSIVE;
				CLANG_WARN_UNREACHABLE_CODE = YES;
				CLANG_WARN__DUPLICATE_METHOD_MATCH = YES;
				CODE_SIGN_IDENTITY = "iPhone Developer";
				COPY_PHASE_STRIP = NO;
				DEBUG_INFORMATION_FORMAT = "dwarf-with-dsym";
				ENABLE_NS_ASSERTIONS = NO;
				ENABLE_STRICT_OBJC_MSGSEND = YES;
				GCC_C_LANGUAGE_STANDARD = gnu11;
				GCC_NO_COMMON_BLOCKS = YES;
				GCC_WARN_64_TO_32_BIT_CONVERSION = YES;
				GCC_WARN_ABOUT_RETURN_TYPE = YES_ERROR;
				GCC_WARN_UNDECLARED_SELECTOR = YES;
				GCC_WARN_UNINITIALIZED_AUTOS = YES_AGGRESSIVE;
				GCC_WARN_UNUSED_FUNCTION = YES;
				GCC_WARN_UNUSED_VARIABLE = YES;
				IPHONEOS_DEPLOYMENT_TARGET = 12.1;
				MTL_ENABLE_DEBUG_INFO = NO;
				MTL_FAST_MATH = YES;
				SDKROOT = iphoneos;
				SWIFT_COMPILATION_MODE = wholemodule;
				SWIFT_OPTIMIZATION_LEVEL = "-O";
				VALIDATE_PRODUCT = YES;
			};
			name = Release;
		};
		6573DC352223F257002C93D6 /* Debug */ = {
			isa = XCBuildConfiguration;
			buildSettings = {
				ASSETCATALOG_COMPILER_APPICON_NAME = AppIcon;
				CODE_SIGN_IDENTITY = "iPhone Developer";
				CODE_SIGN_STYLE = Automatic;
				DEVELOPMENT_TEAM = "";
				INFOPLIST_FILE = swoosh_app2/Info.plist;
				LD_RUNPATH_SEARCH_PATHS = (
					"$(inherited)",
					"@executable_path/Frameworks",
				);
				PRODUCT_BUNDLE_IDENTIFIER = "com.emildastudios.swoosh-app2";
				PRODUCT_NAME = "$(TARGET_NAME)";
				PROVISIONING_PROFILE_SPECIFIER = "";
				SWIFT_VERSION = 4.2;
				TARGETED_DEVICE_FAMILY = "1,2";
			};
			name = Debug;
		};
		6573DC362223F257002C93D6 /* Release */ = {
			isa = XCBuildConfiguration;
			buildSettings = {
				ASSETCATALOG_COMPILER_APPICON_NAME = AppIcon;
				CODE_SIGN_IDENTITY = "iPhone Developer";
				CODE_SIGN_STYLE = Automatic;
				DEVELOPMENT_TEAM = "";
				INFOPLIST_FILE = swoosh_app2/Info.plist;
				LD_RUNPATH_SEARCH_PATHS = (
					"$(inherited)",
					"@executable_path/Frameworks",
				);
				PRODUCT_BUNDLE_IDENTIFIER = "com.emildastudios.swoosh-app2";
				PRODUCT_NAME = "$(TARGET_NAME)";
				PROVISIONING_PROFILE_SPECIFIER = "";
				SWIFT_VERSION = 4.2;
				TARGETED_DEVICE_FAMILY = "1,2";
			};
			name = Release;
		};
/* End XCBuildConfiguration section */

/* Begin XCConfigurationList section */
		6573DC1D2223F256002C93D6 /* Build configuration list for PBXProject "swoosh_app2" */ = {
			isa = XCConfigurationList;
			buildConfigurations = (
				6573DC322223F257002C93D6 /* Debug */,
				6573DC332223F257002C93D6 /* Release */,
			);
			defaultConfigurationIsVisible = 0;
			defaultConfigurationName = Release;
		};
		6573DC342223F257002C93D6 /* Build configuration list for PBXNativeTarget "swoosh_app2" */ = {
			isa = XCConfigurationList;
			buildConfigurations = (
				6573DC352223F257002C93D6 /* Debug */,
				6573DC362223F257002C93D6 /* Release */,
			);
			defaultConfigurationIsVisible = 0;
			defaultConfigurationName = Release;
		};
/* End XCConfigurationList section */
	};
	rootObject = 6573DC1A2223F256002C93D6 /* Project object */;
}
